PODS:
  - Bolts/Tasks (1.2.1)
  - Parse (1.8.2):
    - Bolts/Tasks (>= 1.2.1)
  - ParseCrashReporting (1.8.2):
    - Bolts/Tasks (>= 1.2.1)
    - Parse (~> 1.8.2)

DEPENDENCIES:
  - Parse
  - ParseCrashReporting

SPEC CHECKSUMS:
  Bolts: 7686a5cb204d1ac54cee26f12d9b7622db3f80d1
  Parse: 188601c6cd91fae55906badd283b513104a3a8c9
  ParseCrashReporting: 437b722377462faaeba60ffde23af95fcc486c28

COCOAPODS: 0.35.0
