// !$*UTF8*$!
{
	archiveVersion = 1;
	classes = {
	};
	objectVersion = 46;
	objects = {

/* Begin PBXBuildFile section */
		8B1C7689A2F22F991A976B59 /* libPods.a in Frameworks */ = {isa = PBXBuildFile; fileRef = 94D03023C22E73498BAED20D /* libPods.a */; };
		C60E44911BD464C200014033 /* HamburgerViewController.m in Sources */ = {isa = PBXBuildFile; fileRef = C60E448F1BD464C200014033 /* HamburgerViewController.m */; };
		C60E44921BD464C200014033 /* HamburgerViewController.xib in Resources */ = {isa = PBXBuildFile; fileRef = C60E44901BD464C200014033 /* HamburgerViewController.xib */; };
		C60E44961BD478D300014033 /* ContainerViewController.m in Sources */ = {isa = PBXBuildFile; fileRef = C60E44941BD478D200014033 /* ContainerViewController.m */; };
		C60E44971BD478D300014033 /* ContainerViewController.xib in Resources */ = {isa = PBXBuildFile; fileRef = C60E44951BD478D300014033 /* ContainerViewController.xib */; };
		C66E5C8E1BC1F2BE008BFE59 /* Icon-60.png in Resources */ = {isa = PBXBuildFile; fileRef = C66E5C7C1BC1F2BE008BFE59 /* Icon-60.png */; };
		C66E5C8F1BC1F2BE008BFE59 /* Icon-60@2x.png in Resources */ = {isa = PBXBuildFile; fileRef = C66E5C7D1BC1F2BE008BFE59 /* Icon-60@2x.png */; };
		C66E5C901BC1F2BE008BFE59 /* Icon-60@3x.png in Resources */ = {isa = PBXBuildFile; fileRef = C66E5C7E1BC1F2BE008BFE59 /* Icon-60@3x.png */; };
		C66E5C911BC1F2BE008BFE59 /* Icon-72.png in Resources */ = {isa = PBXBuildFile; fileRef = C66E5C7F1BC1F2BE008BFE59 /* Icon-72.png */; };
		C66E5C921BC1F2BE008BFE59 /* Icon-72@2x.png in Resources */ = {isa = PBXBuildFile; fileRef = C66E5C801BC1F2BE008BFE59 /* Icon-72@2x.png */; };
		C66E5C931BC1F2BE008BFE59 /* Icon-76.png in Resources */ = {isa = PBXBuildFile; fileRef = C66E5C811BC1F2BE008BFE59 /* Icon-76.png */; };
		C66E5C941BC1F2BE008BFE59 /* Icon-76@2x.png in Resources */ = {isa = PBXBuildFile; fileRef = C66E5C821BC1F2BE008BFE59 /* Icon-76@2x.png */; };
		C66E5C951BC1F2BE008BFE59 /* Icon-Small-40.png in Resources */ = {isa = PBXBuildFile; fileRef = C66E5C831BC1F2BE008BFE59 /* Icon-Small-40.png */; };
		C66E5C961BC1F2BE008BFE59 /* Icon-Small-40@2x.png in Resources */ = {isa = PBXBuildFile; fileRef = C66E5C841BC1F2BE008BFE59 /* Icon-Small-40@2x.png */; };
		C66E5C971BC1F2BE008BFE59 /* Icon-Small-40@3x.png in Resources */ = {isa = PBXBuildFile; fileRef = C66E5C851BC1F2BE008BFE59 /* Icon-Small-40@3x.png */; };
		C66E5C981BC1F2BE008BFE59 /* Icon-Small-50.png in Resources */ = {isa = PBXBuildFile; fileRef = C66E5C861BC1F2BE008BFE59 /* Icon-Small-50.png */; };
		C66E5C991BC1F2BE008BFE59 /* Icon-Small-50@2x.png in Resources */ = {isa = PBXBuildFile; fileRef = C66E5C871BC1F2BE008BFE59 /* Icon-Small-50@2x.png */; };
		C66E5C9A1BC1F2BE008BFE59 /* Icon-Small.png in Resources */ = {isa = PBXBuildFile; fileRef = C66E5C881BC1F2BE008BFE59 /* Icon-Small.png */; };
		C66E5C9B1BC1F2BE008BFE59 /* Icon-Small@2x.png in Resources */ = {isa = PBXBuildFile; fileRef = C66E5C891BC1F2BE008BFE59 /* Icon-Small@2x.png */; };
		C66E5C9C1BC1F2BE008BFE59 /* Icon-Small@3x.png in Resources */ = {isa = PBXBuildFile; fileRef = C66E5C8A1BC1F2BE008BFE59 /* Icon-Small@3x.png */; };
		C66E5C9D1BC1F2BE008BFE59 /* Icon.png in Resources */ = {isa = PBXBuildFile; fileRef = C66E5C8B1BC1F2BE008BFE59 /* Icon.png */; };
		C66E5C9E1BC1F2BE008BFE59 /* Icon@2x.png in Resources */ = {isa = PBXBuildFile; fileRef = C66E5C8C1BC1F2BE008BFE59 /* Icon@2x.png */; };
		C66E5C9F1BC1F2BE008BFE59 /* iTunesArtwork@2x.png in Resources */ = {isa = PBXBuildFile; fileRef = C66E5C8D1BC1F2BE008BFE59 /* iTunesArtwork@2x.png */; };
		C68991BD1BBFE9F30031CEAE /* lang.framework in Frameworks */ = {isa = PBXBuildFile; fileRef = C68991BC1BBFE9F30031CEAE /* lang.framework */; };
		C68C04DF1BF6EC5800B73401 /* AboutViewController.m in Sources */ = {isa = PBXBuildFile; fileRef = C68C04DD1BF6EC5800B73401 /* AboutViewController.m */; };
		C68C04E01BF6EC5800B73401 /* AboutViewController.xib in Resources */ = {isa = PBXBuildFile; fileRef = C68C04DE1BF6EC5800B73401 /* AboutViewController.xib */; };
		C6942EF71BCE2BAD00176870 /* HelperViewController.m in Sources */ = {isa = PBXBuildFile; fileRef = C6942EF51BCE2BAD00176870 /* HelperViewController.m */; };
		C6942EF81BCE2BAD00176870 /* HelperViewController.xib in Resources */ = {isa = PBXBuildFile; fileRef = C6942EF61BCE2BAD00176870 /* HelperViewController.xib */; };
		C6C0C88B1BF1D52A00B3AE71 /* HelpViewController.m in Sources */ = {isa = PBXBuildFile; fileRef = C6C0C8891BF1D52A00B3AE71 /* HelpViewController.m */; };
		C6C0C88C1BF1D52A00B3AE71 /* HelpViewController.xib in Resources */ = {isa = PBXBuildFile; fileRef = C6C0C88A1BF1D52A00B3AE71 /* HelpViewController.xib */; };
		C6C0C88E1BF5CDBC00B3AE71 /* Syntax.txt in Sources */ = {isa = PBXBuildFile; fileRef = C6C0C88D1BF5CDBC00B3AE71 /* Syntax.txt */; };
		C6C0C88F1BF5CFDA00B3AE71 /* Syntax.txt in Resources */ = {isa = PBXBuildFile; fileRef = C6C0C88D1BF5CDBC00B3AE71 /* Syntax.txt */; };
		C6C300F01B92FD19007A7E3C /* main.m in Sources */ = {isa = PBXBuildFile; fileRef = C6C300EF1B92FD19007A7E3C /* main.m */; };
		C6C300F31B92FD19007A7E3C /* AppDelegate.m in Sources */ = {isa = PBXBuildFile; fileRef = C6C300F21B92FD19007A7E3C /* AppDelegate.m */; };
		C6C300FB1B92FD19007A7E3C /* Images.xcassets in Resources */ = {isa = PBXBuildFile; fileRef = C6C300FA1B92FD19007A7E3C /* Images.xcassets */; };
		C6C300FE1B92FD19007A7E3C /* LaunchScreen.xib in Resources */ = {isa = PBXBuildFile; fileRef = C6C300FC1B92FD19007A7E3C /* LaunchScreen.xib */; };
		C6C3010A1B92FD19007A7E3C /* eclisp_appTests.m in Sources */ = {isa = PBXBuildFile; fileRef = C6C301091B92FD19007A7E3C /* eclisp_appTests.m */; };
		C6C301211B938FFA007A7E3C /* MainViewController.m in Sources */ = {isa = PBXBuildFile; fileRef = C6C3011F1B938FFA007A7E3C /* MainViewController.m */; };
		C6C301221B938FFA007A7E3C /* MainViewController.xib in Resources */ = {isa = PBXBuildFile; fileRef = C6C301201B938FFA007A7E3C /* MainViewController.xib */; };
/* End PBXBuildFile section */

/* Begin PBXContainerItemProxy section */
		C6C301041B92FD19007A7E3C /* PBXContainerItemProxy */ = {
			isa = PBXContainerItemProxy;
			containerPortal = C6C300E21B92FD19007A7E3C /* Project object */;
			proxyType = 1;
			remoteGlobalIDString = C6C300E91B92FD19007A7E3C;
			remoteInfo = "lambda-app";
		};
/* End PBXContainerItemProxy section */

/* Begin PBXFileReference section */
		94D03023C22E73498BAED20D /* libPods.a */ = {isa = PBXFileReference; explicitFileType = archive.ar; includeInIndex = 0; path = libPods.a; sourceTree = BUILT_PRODUCTS_DIR; };
		9C9C3EFDA92DA24B03A9C466 /* Pods.debug.xcconfig */ = {isa = PBXFileReference; includeInIndex = 1; lastKnownFileType = text.xcconfig; name = Pods.debug.xcconfig; path = "Pods/Target Support Files/Pods/Pods.debug.xcconfig"; sourceTree = "<group>"; };
		C60E448E1BD464C200014033 /* HamburgerViewController.h */ = {isa = PBXFileReference; fileEncoding = 4; lastKnownFileType = sourcecode.c.h; path = HamburgerViewController.h; sourceTree = "<group>"; };
		C60E448F1BD464C200014033 /* HamburgerViewController.m */ = {isa = PBXFileReference; fileEncoding = 4; lastKnownFileType = sourcecode.c.objc; path = HamburgerViewController.m; sourceTree = "<group>"; };
		C60E44901BD464C200014033 /* HamburgerViewController.xib */ = {isa = PBXFileReference; fileEncoding = 4; lastKnownFileType = file.xib; path = HamburgerViewController.xib; sourceTree = "<group>"; };
		C60E44931BD478D200014033 /* ContainerViewController.h */ = {isa = PBXFileReference; fileEncoding = 4; lastKnownFileType = sourcecode.c.h; path = ContainerViewController.h; sourceTree = "<group>"; };
		C60E44941BD478D200014033 /* ContainerViewController.m */ = {isa = PBXFileReference; fileEncoding = 4; lastKnownFileType = sourcecode.c.objc; path = ContainerViewController.m; sourceTree = "<group>"; };
		C60E44951BD478D300014033 /* ContainerViewController.xib */ = {isa = PBXFileReference; fileEncoding = 4; lastKnownFileType = file.xib; path = ContainerViewController.xib; sourceTree = "<group>"; };
		C66E5C7C1BC1F2BE008BFE59 /* Icon-60.png */ = {isa = PBXFileReference; lastKnownFileType = image.png; path = "Icon-60.png"; sourceTree = "<group>"; };
		C66E5C7D1BC1F2BE008BFE59 /* Icon-60@2x.png */ = {isa = PBXFileReference; lastKnownFileType = image.png; path = "Icon-60@2x.png"; sourceTree = "<group>"; };
		C66E5C7E1BC1F2BE008BFE59 /* Icon-60@3x.png */ = {isa = PBXFileReference; lastKnownFileType = image.png; path = "Icon-60@3x.png"; sourceTree = "<group>"; };
		C66E5C7F1BC1F2BE008BFE59 /* Icon-72.png */ = {isa = PBXFileReference; lastKnownFileType = image.png; path = "Icon-72.png"; sourceTree = "<group>"; };
		C66E5C801BC1F2BE008BFE59 /* Icon-72@2x.png */ = {isa = PBXFileReference; lastKnownFileType = image.png; path = "Icon-72@2x.png"; sourceTree = "<group>"; };
		C66E5C811BC1F2BE008BFE59 /* Icon-76.png */ = {isa = PBXFileReference; lastKnownFileType = image.png; path = "Icon-76.png"; sourceTree = "<group>"; };
		C66E5C821BC1F2BE008BFE59 /* Icon-76@2x.png */ = {isa = PBXFileReference; lastKnownFileType = image.png; path = "Icon-76@2x.png"; sourceTree = "<group>"; };
		C66E5C831BC1F2BE008BFE59 /* Icon-Small-40.png */ = {isa = PBXFileReference; lastKnownFileType = image.png; path = "Icon-Small-40.png"; sourceTree = "<group>"; };
		C66E5C841BC1F2BE008BFE59 /* Icon-Small-40@2x.png */ = {isa = PBXFileReference; lastKnownFileType = image.png; path = "Icon-Small-40@2x.png"; sourceTree = "<group>"; };
		C66E5C851BC1F2BE008BFE59 /* Icon-Small-40@3x.png */ = {isa = PBXFileReference; lastKnownFileType = image.png; path = "Icon-Small-40@3x.png"; sourceTree = "<group>"; };
		C66E5C861BC1F2BE008BFE59 /* Icon-Small-50.png */ = {isa = PBXFileReference; lastKnownFileType = image.png; path = "Icon-Small-50.png"; sourceTree = "<group>"; };
		C66E5C871BC1F2BE008BFE59 /* Icon-Small-50@2x.png */ = {isa = PBXFileReference; lastKnownFileType = image.png; path = "Icon-Small-50@2x.png"; sourceTree = "<group>"; };
		C66E5C881BC1F2BE008BFE59 /* Icon-Small.png */ = {isa = PBXFileReference; lastKnownFileType = image.png; path = "Icon-Small.png"; sourceTree = "<group>"; };
		C66E5C891BC1F2BE008BFE59 /* Icon-Small@2x.png */ = {isa = PBXFileReference; lastKnownFileType = image.png; path = "Icon-Small@2x.png"; sourceTree = "<group>"; };
		C66E5C8A1BC1F2BE008BFE59 /* Icon-Small@3x.png */ = {isa = PBXFileReference; lastKnownFileType = image.png; path = "Icon-Small@3x.png"; sourceTree = "<group>"; };
		C66E5C8B1BC1F2BE008BFE59 /* Icon.png */ = {isa = PBXFileReference; lastKnownFileType = image.png; path = Icon.png; sourceTree = "<group>"; };
		C66E5C8C1BC1F2BE008BFE59 /* Icon@2x.png */ = {isa = PBXFileReference; lastKnownFileType = image.png; path = "Icon@2x.png"; sourceTree = "<group>"; };
		C66E5C8D1BC1F2BE008BFE59 /* iTunesArtwork@2x.png */ = {isa = PBXFileReference; lastKnownFileType = image.png; path = "iTunesArtwork@2x.png"; sourceTree = "<group>"; };
		C68991BC1BBFE9F30031CEAE /* lang.framework */ = {isa = PBXFileReference; lastKnownFileType = wrapper.framework; name = lang.framework; path = ../go/src/github.com/reddragon/lambda/lang.framework; sourceTree = "<group>"; };
		C68C04DC1BF6EC5800B73401 /* AboutViewController.h */ = {isa = PBXFileReference; fileEncoding = 4; lastKnownFileType = sourcecode.c.h; path = AboutViewController.h; sourceTree = "<group>"; };
		C68C04DD1BF6EC5800B73401 /* AboutViewController.m */ = {isa = PBXFileReference; fileEncoding = 4; lastKnownFileType = sourcecode.c.objc; path = AboutViewController.m; sourceTree = "<group>"; };
		C68C04DE1BF6EC5800B73401 /* AboutViewController.xib */ = {isa = PBXFileReference; fileEncoding = 4; lastKnownFileType = file.xib; path = AboutViewController.xib; sourceTree = "<group>"; };
		C6942EF41BCE2BAD00176870 /* HelperViewController.h */ = {isa = PBXFileReference; fileEncoding = 4; lastKnownFileType = sourcecode.c.h; path = HelperViewController.h; sourceTree = "<group>"; };
		C6942EF51BCE2BAD00176870 /* HelperViewController.m */ = {isa = PBXFileReference; fileEncoding = 4; lastKnownFileType = sourcecode.c.objc; path = HelperViewController.m; sourceTree = "<group>"; };
		C6942EF61BCE2BAD00176870 /* HelperViewController.xib */ = {isa = PBXFileReference; fileEncoding = 4; lastKnownFileType = file.xib; path = HelperViewController.xib; sourceTree = "<group>"; };
		C6C0C8881BF1D52A00B3AE71 /* HelpViewController.h */ = {isa = PBXFileReference; fileEncoding = 4; lastKnownFileType = sourcecode.c.h; path = HelpViewController.h; sourceTree = "<group>"; };
		C6C0C8891BF1D52A00B3AE71 /* HelpViewController.m */ = {isa = PBXFileReference; fileEncoding = 4; lastKnownFileType = sourcecode.c.objc; path = HelpViewController.m; sourceTree = "<group>"; };
		C6C0C88A1BF1D52A00B3AE71 /* HelpViewController.xib */ = {isa = PBXFileReference; fileEncoding = 4; lastKnownFileType = file.xib; path = HelpViewController.xib; sourceTree = "<group>"; };
		C6C0C88D1BF5CDBC00B3AE71 /* Syntax.txt */ = {isa = PBXFileReference; fileEncoding = 4; lastKnownFileType = text; path = Syntax.txt; sourceTree = "<group>"; };
		C6C300EA1B92FD19007A7E3C /* lambda.app */ = {isa = PBXFileReference; explicitFileType = wrapper.application; includeInIndex = 0; path = lambda.app; sourceTree = BUILT_PRODUCTS_DIR; };
		C6C300EE1B92FD19007A7E3C /* Info.plist */ = {isa = PBXFileReference; lastKnownFileType = text.plist.xml; path = Info.plist; sourceTree = "<group>"; };
		C6C300EF1B92FD19007A7E3C /* main.m */ = {isa = PBXFileReference; lastKnownFileType = sourcecode.c.objc; path = main.m; sourceTree = "<group>"; };
		C6C300F11B92FD19007A7E3C /* AppDelegate.h */ = {isa = PBXFileReference; lastKnownFileType = sourcecode.c.h; path = AppDelegate.h; sourceTree = "<group>"; };
		C6C300F21B92FD19007A7E3C /* AppDelegate.m */ = {isa = PBXFileReference; lastKnownFileType = sourcecode.c.objc; path = AppDelegate.m; sourceTree = "<group>"; };
		C6C300FA1B92FD19007A7E3C /* Images.xcassets */ = {isa = PBXFileReference; lastKnownFileType = folder.assetcatalog; path = Images.xcassets; sourceTree = "<group>"; };
		C6C300FD1B92FD19007A7E3C /* Base */ = {isa = PBXFileReference; lastKnownFileType = file.xib; name = Base; path = Base.lproj/LaunchScreen.xib; sourceTree = "<group>"; };
		C6C301031B92FD19007A7E3C /* lambda.xctest */ = {isa = PBXFileReference; explicitFileType = wrapper.cfbundle; includeInIndex = 0; path = lambda.xctest; sourceTree = BUILT_PRODUCTS_DIR; };
		C6C301081B92FD19007A7E3C /* Info.plist */ = {isa = PBXFileReference; lastKnownFileType = text.plist.xml; path = Info.plist; sourceTree = "<group>"; };
		C6C301091B92FD19007A7E3C /* eclisp_appTests.m */ = {isa = PBXFileReference; lastKnownFileType = sourcecode.c.objc; path = eclisp_appTests.m; sourceTree = "<group>"; };
		C6C3011E1B938FFA007A7E3C /* MainViewController.h */ = {isa = PBXFileReference; fileEncoding = 4; lastKnownFileType = sourcecode.c.h; path = MainViewController.h; sourceTree = "<group>"; };
		C6C3011F1B938FFA007A7E3C /* MainViewController.m */ = {isa = PBXFileReference; fileEncoding = 4; lastKnownFileType = sourcecode.c.objc; path = MainViewController.m; sourceTree = "<group>"; };
		C6C301201B938FFA007A7E3C /* MainViewController.xib */ = {isa = PBXFileReference; fileEncoding = 4; lastKnownFileType = file.xib; path = MainViewController.xib; sourceTree = "<group>"; };
		F87AB6040D4B42D136E03A6E /* Pods.release.xcconfig */ = {isa = PBXFileReference; includeInIndex = 1; lastKnownFileType = text.xcconfig; name = Pods.release.xcconfig; path = "Pods/Target Support Files/Pods/Pods.release.xcconfig"; sourceTree = "<group>"; };
/* End PBXFileReference section */

/* Begin PBXFrameworksBuildPhase section */
		C6C300E71B92FD19007A7E3C /* Frameworks */ = {
			isa = PBXFrameworksBuildPhase;
			buildActionMask = 2147483647;
			files = (
				C68991BD1BBFE9F30031CEAE /* lang.framework in Frameworks */,
				8B1C7689A2F22F991A976B59 /* libPods.a in Frameworks */,
			);
			runOnlyForDeploymentPostprocessing = 0;
		};
		C6C301001B92FD19007A7E3C /* Frameworks */ = {
			isa = PBXFrameworksBuildPhase;
			buildActionMask = 2147483647;
			files = (
			);
			runOnlyForDeploymentPostprocessing = 0;
		};
/* End PBXFrameworksBuildPhase section */

/* Begin PBXGroup section */
		5E80A67CB159A44431F4D2DE /* Frameworks */ = {
			isa = PBXGroup;
			children = (
				94D03023C22E73498BAED20D /* libPods.a */,
			);
			name = Frameworks;
			sourceTree = "<group>";
		};
		ACF5E2B7FDDF957A01537E4D /* Pods */ = {
			isa = PBXGroup;
			children = (
				9C9C3EFDA92DA24B03A9C466 /* Pods.debug.xcconfig */,
				F87AB6040D4B42D136E03A6E /* Pods.release.xcconfig */,
			);
			name = Pods;
			sourceTree = "<group>";
		};
		C66E5C7B1BC1F2AE008BFE59 /* Icon-Images */ = {
			isa = PBXGroup;
			children = (
				C66E5C7C1BC1F2BE008BFE59 /* Icon-60.png */,
				C66E5C7D1BC1F2BE008BFE59 /* Icon-60@2x.png */,
				C66E5C7E1BC1F2BE008BFE59 /* Icon-60@3x.png */,
				C66E5C7F1BC1F2BE008BFE59 /* Icon-72.png */,
				C66E5C801BC1F2BE008BFE59 /* Icon-72@2x.png */,
				C66E5C811BC1F2BE008BFE59 /* Icon-76.png */,
				C66E5C821BC1F2BE008BFE59 /* Icon-76@2x.png */,
				C66E5C831BC1F2BE008BFE59 /* Icon-Small-40.png */,
				C66E5C841BC1F2BE008BFE59 /* Icon-Small-40@2x.png */,
				C66E5C851BC1F2BE008BFE59 /* Icon-Small-40@3x.png */,
				C66E5C861BC1F2BE008BFE59 /* Icon-Small-50.png */,
				C66E5C871BC1F2BE008BFE59 /* Icon-Small-50@2x.png */,
				C66E5C881BC1F2BE008BFE59 /* Icon-Small.png */,
				C66E5C891BC1F2BE008BFE59 /* Icon-Small@2x.png */,
				C66E5C8A1BC1F2BE008BFE59 /* Icon-Small@3x.png */,
				C66E5C8B1BC1F2BE008BFE59 /* Icon.png */,
				C66E5C8C1BC1F2BE008BFE59 /* Icon@2x.png */,
				C66E5C8D1BC1F2BE008BFE59 /* iTunesArtwork@2x.png */,
			);
			name = "Icon-Images";
			sourceTree = "<group>";
		};
		C6C300E11B92FD19007A7E3C = {
			isa = PBXGroup;
			children = (
				C68991BC1BBFE9F30031CEAE /* lang.framework */,
				C6C300EC1B92FD19007A7E3C /* lamda-app */,
				C6C301061B92FD19007A7E3C /* lambda-appTests */,
				C6C300EB1B92FD19007A7E3C /* Products */,
				5E80A67CB159A44431F4D2DE /* Frameworks */,
				ACF5E2B7FDDF957A01537E4D /* Pods */,
			);
			sourceTree = "<group>";
		};
		C6C300EB1B92FD19007A7E3C /* Products */ = {
			isa = PBXGroup;
			children = (
				C6C300EA1B92FD19007A7E3C /* lambda.app */,
				C6C301031B92FD19007A7E3C /* lambda.xctest */,
			);
			name = Products;
			sourceTree = "<group>";
		};
		C6C300EC1B92FD19007A7E3C /* lamda-app */ = {
			isa = PBXGroup;
			children = (
				C6C300F11B92FD19007A7E3C /* AppDelegate.h */,
				C6C300F21B92FD19007A7E3C /* AppDelegate.m */,
				C6C300FA1B92FD19007A7E3C /* Images.xcassets */,
				C6C300FC1B92FD19007A7E3C /* LaunchScreen.xib */,
				C6C300ED1B92FD19007A7E3C /* Supporting Files */,
				C6C3011E1B938FFA007A7E3C /* MainViewController.h */,
				C6C3011F1B938FFA007A7E3C /* MainViewController.m */,
				C6C301201B938FFA007A7E3C /* MainViewController.xib */,
				C6942EF41BCE2BAD00176870 /* HelperViewController.h */,
				C6942EF51BCE2BAD00176870 /* HelperViewController.m */,
				C6942EF61BCE2BAD00176870 /* HelperViewController.xib */,
				C60E448E1BD464C200014033 /* HamburgerViewController.h */,
				C60E448F1BD464C200014033 /* HamburgerViewController.m */,
				C60E44901BD464C200014033 /* HamburgerViewController.xib */,
				C60E44931BD478D200014033 /* ContainerViewController.h */,
				C60E44941BD478D200014033 /* ContainerViewController.m */,
				C60E44951BD478D300014033 /* ContainerViewController.xib */,
				C6C0C8881BF1D52A00B3AE71 /* HelpViewController.h */,
				C6C0C8891BF1D52A00B3AE71 /* HelpViewController.m */,
				C6C0C88A1BF1D52A00B3AE71 /* HelpViewController.xib */,
				C68C04DC1BF6EC5800B73401 /* AboutViewController.h */,
				C68C04DD1BF6EC5800B73401 /* AboutViewController.m */,
				C68C04DE1BF6EC5800B73401 /* AboutViewController.xib */,
			);
			name = "lamda-app";
			path = "lambda-app";
			sourceTree = "<group>";
		};
		C6C300ED1B92FD19007A7E3C /* Supporting Files */ = {
			isa = PBXGroup;
			children = (
				C6C0C88D1BF5CDBC00B3AE71 /* Syntax.txt */,
				C66E5C7B1BC1F2AE008BFE59 /* Icon-Images */,
				C6C300EE1B92FD19007A7E3C /* Info.plist */,
				C6C300EF1B92FD19007A7E3C /* main.m */,
			);
			name = "Supporting Files";
			sourceTree = "<group>";
		};
		C6C301061B92FD19007A7E3C /* lambda-appTests */ = {
			isa = PBXGroup;
			children = (
				C6C301091B92FD19007A7E3C /* eclisp_appTests.m */,
				C6C301071B92FD19007A7E3C /* Supporting Files */,
			);
			path = "lambda-appTests";
			sourceTree = "<group>";
		};
		C6C301071B92FD19007A7E3C /* Supporting Files */ = {
			isa = PBXGroup;
			children = (
				C6C301081B92FD19007A7E3C /* Info.plist */,
			);
			name = "Supporting Files";
			sourceTree = "<group>";
		};
/* End PBXGroup section */

/* Begin PBXNativeTarget section */
		C6C300E91B92FD19007A7E3C /* lambda */ = {
			isa = PBXNativeTarget;
			buildConfigurationList = C6C3010D1B92FD19007A7E3C /* Build configuration list for PBXNativeTarget "lambda" */;
			buildPhases = (
				A4371DE2741C5F674ACAD25A /* Check Pods Manifest.lock */,
				C6C300E61B92FD19007A7E3C /* Sources */,
				C6C300E71B92FD19007A7E3C /* Frameworks */,
				C6C300E81B92FD19007A7E3C /* Resources */,
				F76C3470A0F6998F55892C94 /* Copy Pods Resources */,
			);
			buildRules = (
			);
			dependencies = (
			);
			name = lambda;
			productName = "lambda-app";
			productReference = C6C300EA1B92FD19007A7E3C /* lambda.app */;
			productType = "com.apple.product-type.application";
		};
		C6C301021B92FD19007A7E3C /* lambdaTests */ = {
			isa = PBXNativeTarget;
			buildConfigurationList = C6C301101B92FD19007A7E3C /* Build configuration list for PBXNativeTarget "lambdaTests" */;
			buildPhases = (
				C6C300FF1B92FD19007A7E3C /* Sources */,
				C6C301001B92FD19007A7E3C /* Frameworks */,
				C6C301011B92FD19007A7E3C /* Resources */,
			);
			buildRules = (
			);
			dependencies = (
				C6C301051B92FD19007A7E3C /* PBXTargetDependency */,
			);
			name = lambdaTests;
			productName = "lambda-appTests";
			productReference = C6C301031B92FD19007A7E3C /* lambda.xctest */;
			productType = "com.apple.product-type.bundle.unit-test";
		};
/* End PBXNativeTarget section */

/* Begin PBXProject section */
		C6C300E21B92FD19007A7E3C /* Project object */ = {
			isa = PBXProject;
			attributes = {
				LastUpgradeCheck = 0700;
				ORGANIZATIONNAME = "Gaurav Menghani";
				TargetAttributes = {
					C6C300E91B92FD19007A7E3C = {
						CreatedOnToolsVersion = 6.4;
						DevelopmentTeam = EUPPNM2WEJ;
					};
					C6C301021B92FD19007A7E3C = {
						CreatedOnToolsVersion = 6.4;
						TestTargetID = C6C300E91B92FD19007A7E3C;
					};
				};
			};
			buildConfigurationList = C6C300E51B92FD19007A7E3C /* Build configuration list for PBXProject "lambda" */;
			compatibilityVersion = "Xcode 3.2";
			developmentRegion = English;
			hasScannedForEncodings = 0;
			knownRegions = (
				en,
				Base,
			);
			mainGroup = C6C300E11B92FD19007A7E3C;
			productRefGroup = C6C300EB1B92FD19007A7E3C /* Products */;
			projectDirPath = "";
			projectRoot = "";
			targets = (
				C6C300E91B92FD19007A7E3C /* lambda */,
				C6C301021B92FD19007A7E3C /* lambdaTests */,
			);
		};
/* End PBXProject section */

/* Begin PBXResourcesBuildPhase section */
		C6C300E81B92FD19007A7E3C /* Resources */ = {
			isa = PBXResourcesBuildPhase;
			buildActionMask = 2147483647;
			files = (
				C6C0C88F1BF5CFDA00B3AE71 /* Syntax.txt in Resources */,
				C66E5C9A1BC1F2BE008BFE59 /* Icon-Small.png in Resources */,
				C66E5C901BC1F2BE008BFE59 /* Icon-60@3x.png in Resources */,
				C66E5C981BC1F2BE008BFE59 /* Icon-Small-50.png in Resources */,
				C6942EF81BCE2BAD00176870 /* HelperViewController.xib in Resources */,
				C66E5C961BC1F2BE008BFE59 /* Icon-Small-40@2x.png in Resources */,
				C66E5C9B1BC1F2BE008BFE59 /* Icon-Small@2x.png in Resources */,
				C6C0C88C1BF1D52A00B3AE71 /* HelpViewController.xib in Resources */,
				C66E5C951BC1F2BE008BFE59 /* Icon-Small-40.png in Resources */,
				C6C300FE1B92FD19007A7E3C /* LaunchScreen.xib in Resources */,
				C66E5C921BC1F2BE008BFE59 /* Icon-72@2x.png in Resources */,
				C66E5C8F1BC1F2BE008BFE59 /* Icon-60@2x.png in Resources */,
				C66E5C9E1BC1F2BE008BFE59 /* Icon@2x.png in Resources */,
				C60E44921BD464C200014033 /* HamburgerViewController.xib in Resources */,
				C6C301221B938FFA007A7E3C /* MainViewController.xib in Resources */,
				C66E5C9D1BC1F2BE008BFE59 /* Icon.png in Resources */,
				C68C04E01BF6EC5800B73401 /* AboutViewController.xib in Resources */,
				C60E44971BD478D300014033 /* ContainerViewController.xib in Resources */,
				C66E5C8E1BC1F2BE008BFE59 /* Icon-60.png in Resources */,
				C66E5C971BC1F2BE008BFE59 /* Icon-Small-40@3x.png in Resources */,
				C66E5C9C1BC1F2BE008BFE59 /* Icon-Small@3x.png in Resources */,
				C66E5C911BC1F2BE008BFE59 /* Icon-72.png in Resources */,
				C66E5C9F1BC1F2BE008BFE59 /* iTunesArtwork@2x.png in Resources */,
				C6C300FB1B92FD19007A7E3C /* Images.xcassets in Resources */,
				C66E5C991BC1F2BE008BFE59 /* Icon-Small-50@2x.png in Resources */,
				C66E5C941BC1F2BE008BFE59 /* Icon-76@2x.png in Resources */,
				C66E5C931BC1F2BE008BFE59 /* Icon-76.png in Resources */,
			);
			runOnlyForDeploymentPostprocessing = 0;
		};
		C6C301011B92FD19007A7E3C /* Resources */ = {
			isa = PBXResourcesBuildPhase;
			buildActionMask = 2147483647;
			files = (
			);
			runOnlyForDeploymentPostprocessing = 0;
		};
/* End PBXResourcesBuildPhase section */

/* Begin PBXShellScriptBuildPhase section */
		A4371DE2741C5F674ACAD25A /* Check Pods Manifest.lock */ = {
			isa = PBXShellScriptBuildPhase;
			buildActionMask = 2147483647;
			files = (
			);
			inputPaths = (
			);
			name = "Check Pods Manifest.lock";
			outputPaths = (
			);
			runOnlyForDeploymentPostprocessing = 0;
			shellPath = /bin/sh;
			shellScript = "diff \"${PODS_ROOT}/../Podfile.lock\" \"${PODS_ROOT}/Manifest.lock\" > /dev/null\nif [[ $? != 0 ]] ; then\n    cat << EOM\nerror: The sandbox is not in sync with the Podfile.lock. Run 'pod install' or update your CocoaPods installation.\nEOM\n    exit 1\nfi\n";
			showEnvVarsInLog = 0;
		};
		F76C3470A0F6998F55892C94 /* Copy Pods Resources */ = {
			isa = PBXShellScriptBuildPhase;
			buildActionMask = 2147483647;
			files = (
			);
			inputPaths = (
			);
			name = "Copy Pods Resources";
			outputPaths = (
			);
			runOnlyForDeploymentPostprocessing = 0;
			shellPath = /bin/sh;
			shellScript = "\"${SRCROOT}/Pods/Target Support Files/Pods/Pods-resources.sh\"\n";
			showEnvVarsInLog = 0;
		};
/* End PBXShellScriptBuildPhase section */

/* Begin PBXSourcesBuildPhase section */
		C6C300E61B92FD19007A7E3C /* Sources */ = {
			isa = PBXSourcesBuildPhase;
			buildActionMask = 2147483647;
			files = (
				C68C04DF1BF6EC5800B73401 /* AboutViewController.m in Sources */,
				C6C300F31B92FD19007A7E3C /* AppDelegate.m in Sources */,
				C6942EF71BCE2BAD00176870 /* HelperViewController.m in Sources */,
				C60E44961BD478D300014033 /* ContainerViewController.m in Sources */,
				C6C301211B938FFA007A7E3C /* MainViewController.m in Sources */,
				C6C0C88B1BF1D52A00B3AE71 /* HelpViewController.m in Sources */,
				C6C300F01B92FD19007A7E3C /* main.m in Sources */,
				C60E44911BD464C200014033 /* HamburgerViewController.m in Sources */,
				C6C0C88E1BF5CDBC00B3AE71 /* Syntax.txt in Sources */,
			);
			runOnlyForDeploymentPostprocessing = 0;
		};
		C6C300FF1B92FD19007A7E3C /* Sources */ = {
			isa = PBXSourcesBuildPhase;
			buildActionMask = 2147483647;
			files = (
				C6C3010A1B92FD19007A7E3C /* eclisp_appTests.m in Sources */,
			);
			runOnlyForDeploymentPostprocessing = 0;
		};
/* End PBXSourcesBuildPhase section */

/* Begin PBXTargetDependency section */
		C6C301051B92FD19007A7E3C /* PBXTargetDependency */ = {
			isa = PBXTargetDependency;
			target = C6C300E91B92FD19007A7E3C /* lambda */;
			targetProxy = C6C301041B92FD19007A7E3C /* PBXContainerItemProxy */;
		};
/* End PBXTargetDependency section */

/* Begin PBXVariantGroup section */
		C6C300FC1B92FD19007A7E3C /* LaunchScreen.xib */ = {
			isa = PBXVariantGroup;
			children = (
				C6C300FD1B92FD19007A7E3C /* Base */,
			);
			name = LaunchScreen.xib;
			sourceTree = "<group>";
		};
/* End PBXVariantGroup section */

/* Begin XCBuildConfiguration section */
		C6C3010B1B92FD19007A7E3C /* Debug */ = {
			isa = XCBuildConfiguration;
			buildSettings = {
				ALTERNATE_GROUP = "THEFACEBOOK\\Domain Users";
				ALWAYS_SEARCH_USER_PATHS = NO;
				CLANG_CXX_LANGUAGE_STANDARD = "gnu++0x";
				CLANG_CXX_LIBRARY = "libc++";
				CLANG_ENABLE_MODULES = YES;
				CLANG_ENABLE_OBJC_ARC = YES;
				CLANG_WARN_BOOL_CONVERSION = YES;
				CLANG_WARN_CONSTANT_CONVERSION = YES;
				CLANG_WARN_DIRECT_OBJC_ISA_USAGE = YES_ERROR;
				CLANG_WARN_EMPTY_BODY = YES;
				CLANG_WARN_ENUM_CONVERSION = YES;
				CLANG_WARN_INT_CONVERSION = YES;
				CLANG_WARN_OBJC_ROOT_CLASS = YES_ERROR;
				CLANG_WARN_UNREACHABLE_CODE = YES;
				CLANG_WARN__DUPLICATE_METHOD_MATCH = YES;
				"CODE_SIGN_IDENTITY[sdk=iphoneos*]" = "iPhone Developer";
				COPY_PHASE_STRIP = NO;
				DEBUG_INFORMATION_FORMAT = "dwarf-with-dsym";
				ENABLE_BITCODE = NO;
				ENABLE_STRICT_OBJC_MSGSEND = YES;
				ENABLE_TESTABILITY = YES;
				GCC_C_LANGUAGE_STANDARD = gnu99;
				GCC_DYNAMIC_NO_PIC = NO;
				GCC_NO_COMMON_BLOCKS = YES;
				GCC_OPTIMIZATION_LEVEL = 0;
				GCC_PREPROCESSOR_DEFINITIONS = (
					"DEBUG=1",
					"$(inherited)",
				);
				GCC_SYMBOLS_PRIVATE_EXTERN = NO;
				GCC_WARN_64_TO_32_BIT_CONVERSION = YES;
				GCC_WARN_ABOUT_RETURN_TYPE = YES_ERROR;
				GCC_WARN_UNDECLARED_SELECTOR = YES;
				GCC_WARN_UNINITIALIZED_AUTOS = YES_AGGRESSIVE;
				GCC_WARN_UNUSED_FUNCTION = YES;
				GCC_WARN_UNUSED_VARIABLE = YES;
				IPHONEOS_DEPLOYMENT_TARGET = 8.4;
				MTL_ENABLE_DEBUG_INFO = YES;
				ONLY_ACTIVE_ARCH = YES;
				SDKROOT = iphoneos;
			};
			name = Debug;
		};
		C6C3010C1B92FD19007A7E3C /* Release */ = {
			isa = XCBuildConfiguration;
			buildSettings = {
				ALTERNATE_GROUP = "THEFACEBOOK\\Domain Users";
				ALWAYS_SEARCH_USER_PATHS = NO;
				CLANG_CXX_LANGUAGE_STANDARD = "gnu++0x";
				CLANG_CXX_LIBRARY = "libc++";
				CLANG_ENABLE_MODULES = YES;
				CLANG_ENABLE_OBJC_ARC = YES;
				CLANG_WARN_BOOL_CONVERSION = YES;
				CLANG_WARN_CONSTANT_CONVERSION = YES;
				CLANG_WARN_DIRECT_OBJC_ISA_USAGE = YES_ERROR;
				CLANG_WARN_EMPTY_BODY = YES;
				CLANG_WARN_ENUM_CONVERSION = YES;
				CLANG_WARN_INT_CONVERSION = YES;
				CLANG_WARN_OBJC_ROOT_CLASS = YES_ERROR;
				CLANG_WARN_UNREACHABLE_CODE = YES;
				CLANG_WARN__DUPLICATE_METHOD_MATCH = YES;
				"CODE_SIGN_IDENTITY[sdk=iphoneos*]" = "iPhone Developer";
				COPY_PHASE_STRIP = NO;
				DEBUG_INFORMATION_FORMAT = "dwarf-with-dsym";
				ENABLE_BITCODE = NO;
				ENABLE_NS_ASSERTIONS = NO;
				ENABLE_STRICT_OBJC_MSGSEND = YES;
				GCC_C_LANGUAGE_STANDARD = gnu99;
				GCC_NO_COMMON_BLOCKS = YES;
				GCC_WARN_64_TO_32_BIT_CONVERSION = YES;
				GCC_WARN_ABOUT_RETURN_TYPE = YES_ERROR;
				GCC_WARN_UNDECLARED_SELECTOR = YES;
				GCC_WARN_UNINITIALIZED_AUTOS = YES_AGGRESSIVE;
				GCC_WARN_UNUSED_FUNCTION = YES;
				GCC_WARN_UNUSED_VARIABLE = YES;
				IPHONEOS_DEPLOYMENT_TARGET = 8.4;
				MTL_ENABLE_DEBUG_INFO = NO;
				SDKROOT = iphoneos;
				VALIDATE_PRODUCT = YES;
			};
			name = Release;
		};
		C6C3010E1B92FD19007A7E3C /* Debug */ = {
			isa = XCBuildConfiguration;
			baseConfigurationReference = 9C9C3EFDA92DA24B03A9C466 /* Pods.debug.xcconfig */;
			buildSettings = {
				ALTERNATE_GROUP = "THEFACEBOOK\\Domain Users";
				ASSETCATALOG_COMPILER_APPICON_NAME = AppIcon;
				CODE_SIGN_IDENTITY = "iPhone Developer";
				FRAMEWORK_SEARCH_PATHS = (
					"$(inherited)",
					/Users/gauravmenghani/work/go/src/github.com/reddragon/lambda,
					/Users/gauravmenghani/work/go/src/github.com/reddragon/lambda/lang,
				);
				GCC_DYNAMIC_NO_PIC = YES;
				INFOPLIST_FILE = "lambda-app/Info.plist";
				INSTALL_GROUP = "THEFACEBOOK\\Domain Users";
				IPHONEOS_DEPLOYMENT_TARGET = 8.0;
				LD_RUNPATH_SEARCH_PATHS = "$(inherited) @executable_path/Frameworks";
				ONLY_ACTIVE_ARCH = NO;
				PRODUCT_BUNDLE_IDENTIFIER = com.cacheoblivious.lambda;
				PRODUCT_NAME = lambda;
				SDKROOT = iphoneos;
				TARGETED_DEVICE_FAMILY = 1;
				VALID_ARCHS = arm64;
			};
			name = Debug;
		};
		C6C3010F1B92FD19007A7E3C /* Release */ = {
			isa = XCBuildConfiguration;
			baseConfigurationReference = F87AB6040D4B42D136E03A6E /* Pods.release.xcconfig */;
			buildSettings = {
				ALTERNATE_GROUP = "THEFACEBOOK\\Domain Users";
				ASSETCATALOG_COMPILER_APPICON_NAME = AppIcon;
				CODE_SIGN_IDENTITY = "iPhone Developer";
				FRAMEWORK_SEARCH_PATHS = (
					"$(inherited)",
					/Users/gauravmenghani/work/go/src/github.com/reddragon/lambda,
					/Users/gauravmenghani/work/go/src/github.com/reddragon/lambda/lang,
				);
				GCC_DYNAMIC_NO_PIC = YES;
				INFOPLIST_FILE = "lambda-app/Info.plist";
				INSTALL_GROUP = "THEFACEBOOK\\Domain Users";
				IPHONEOS_DEPLOYMENT_TARGET = 8.0;
				LD_RUNPATH_SEARCH_PATHS = "$(inherited) @executable_path/Frameworks";
				PRODUCT_BUNDLE_IDENTIFIER = com.cacheoblivious.lambda;
				PRODUCT_NAME = lambda;
				SDKROOT = iphoneos;
				TARGETED_DEVICE_FAMILY = 1;
				VALID_ARCHS = arm64;
			};
			name = Release;
		};
		C6C301111B92FD19007A7E3C /* Debug */ = {
			isa = XCBuildConfiguration;
			buildSettings = {
				BUNDLE_LOADER = "$(TEST_HOST)";
				FRAMEWORK_SEARCH_PATHS = (
					"$(SDKROOT)/Developer/Library/Frameworks",
					"$(inherited)",
				);
				GCC_PREPROCESSOR_DEFINITIONS = (
					"DEBUG=1",
					"$(inherited)",
				);
				INFOPLIST_FILE = "lambda-appTests/Info.plist";
				LD_RUNPATH_SEARCH_PATHS = "$(inherited) @executable_path/Frameworks @loader_path/Frameworks";
				PRODUCT_BUNDLE_IDENTIFIER = "com.cacheoblivious.$(PRODUCT_NAME:rfc1034identifier)";
				PRODUCT_NAME = lambda;
			};
			name = Debug;
		};
		C6C301121B92FD19007A7E3C /* Release */ = {
			isa = XCBuildConfiguration;
			buildSettings = {
				BUNDLE_LOADER = "$(TEST_HOST)";
				FRAMEWORK_SEARCH_PATHS = (
					"$(SDKROOT)/Developer/Library/Frameworks",
					"$(inherited)",
				);
				INFOPLIST_FILE = "lambda-appTests/Info.plist";
				LD_RUNPATH_SEARCH_PATHS = "$(inherited) @executable_path/Frameworks @loader_path/Frameworks";
				PRODUCT_BUNDLE_IDENTIFIER = "com.cacheoblivious.$(PRODUCT_NAME:rfc1034identifier)";
				PRODUCT_NAME = lambda;
			};
			name = Release;
		};
/* End XCBuildConfiguration section */

/* Begin XCConfigurationList section */
		C6C300E51B92FD19007A7E3C /* Build configuration list for PBXProject "lambda" */ = {
			isa = XCConfigurationList;
			buildConfigurations = (
				C6C3010B1B92FD19007A7E3C /* Debug */,
				C6C3010C1B92FD19007A7E3C /* Release */,
			);
			defaultConfigurationIsVisible = 0;
			defaultConfigurationName = Release;
		};
		C6C3010D1B92FD19007A7E3C /* Build configuration list for PBXNativeTarget "lambda" */ = {
			isa = XCConfigurationList;
			buildConfigurations = (
				C6C3010E1B92FD19007A7E3C /* Debug */,
				C6C3010F1B92FD19007A7E3C /* Release */,
			);
			defaultConfigurationIsVisible = 0;
			defaultConfigurationName = Release;
		};
		C6C301101B92FD19007A7E3C /* Build configuration list for PBXNativeTarget "lambdaTests" */ = {
			isa = XCConfigurationList;
			buildConfigurations = (
				C6C301111B92FD19007A7E3C /* Debug */,
				C6C301121B92FD19007A7E3C /* Release */,
			);
			defaultConfigurationIsVisible = 0;
			defaultConfigurationName = Release;
		};
/* End XCConfigurationList section */
	};
	rootObject = C6C300E21B92FD19007A7E3C /* Project object */;
}
